
Microsoft Visual Studio Solution File, Format Version 12.00
# Visual Studio Version 17
VisualStudioVersion = 17.3.32922.545
MinimumVisualStudioVersion = 10.0.40219.1
Project("{FAE04EC0-301F-11D3-BF4B-00C04F79EFBC}") = "http_get", "http_get\http_get.csproj", "{E048CB50-A826-4C1D-BEEC-3FA466C6F11A}"
EndProject
Global
	GlobalSection(SolutionConfigurationPlatforms) = preSolution
		Debug|Any CPU = Debug|Any CPU
		Release|Any CPU = Release|Any CPU
	EndGlobalSection
	GlobalSection(ProjectConfigurationPlatforms) = postSolution
		{E048CB50-A826-4C1D-BEEC-3FA466C6F11A}.Debug|Any CPU.ActiveCfg = Debug|Any CPU
		{E048CB50-A826-4C1D-BEEC-3FA466C6F11A}.Debug|Any CPU.Build.0 = Debug|Any CPU
		{E048CB50-A826-4C1D-BEEC-3FA466C6F11A}.Release|Any CPU.ActiveCfg = Release|Any CPU
		{E048CB50-A826-4C1D-BEEC-3FA466C6F11A}.Release|Any CPU.Build.0 = Release|Any CPU
	EndGlobalSection
	GlobalSection(SolutionProperties) = preSolution
		HideSolutionNode = FALSE
	EndGlobalSection
	GlobalSection(ExtensibilityGlobals) = postSolution
		SolutionGuid = {2B3C112F-42B3-4FAA-85D4-0AEC3ADD8BD2}
	EndGlobalSection
EndGlobal
